{
  "nodes": {
    "nix-vm-test": {
      "inputs": {
        "nixpkgs": [
          "system-manager",
          "nixpkgs"
        ]
      },
      "locked": {
        "lastModified": 1755010517,
        "narHash": "sha256-DYyMFUPcvuO7AIXIlVhYQTN3TwFFVCCkDTHtaRJ24eI=",
        "owner": "numtide",
        "repo": "nix-vm-test",
        "rev": "e34870b8dd2c2d203c05b4f931b8c33eaaf43b81",
        "type": "github"
      },
      "original": {
        "owner": "numtide",
        "repo": "nix-vm-test",
        "type": "github"
      }
    },
    "nixpkgs": {
      "locked": {
        "lastModified": 1757935978,
        "narHash": "sha256-xeHiYTqlibGf6VQADGrZ2GzayTOJo8G0g8D8f5zCE3Y=",
        "owner": "NixOS",
        "repo": "nixpkgs",
        "rev": "0b96957fb614f693d0cee1bd65fbfc0e610df47f",
        "type": "github"
      },
      "original": {
        "id": "nixpkgs",
        "type": "indirect"
      }
    },
    "nixpkgs_2": {
      "locked": {
        "lastModified": 1748026106,
        "narHash": "sha256-6m1Y3/4pVw1RWTsrkAK2VMYSzG4MMIj7sqUy7o8th1o=",
        "owner": "NixOS",
        "repo": "nixpkgs",
        "rev": "063f43f2dbdef86376cc29ad646c45c46e93234c",
        "type": "github"
      },
      "original": {
        "owner": "NixOS",
        "ref": "nixos-unstable",
        "repo": "nixpkgs",
        "type": "github"
      }
    },
    "root": {
      "inputs": {
        "nix-vm-test": "nix-vm-test",
        "nixpkgs": "nixpkgs",
        "system-manager": "system-manager"
      }
    },
    "system-manager": {
      "inputs": {
        "nixpkgs": "nixpkgs_2"
      },
      "locked": {
        "path": "../.",
        "type": "path"
      },
      "original": {
        "path": "../.",
        "type": "path"
      },
      "parent": []
    }
  },
  "root": "root",
  "version": 7
}
